{
    "_meta": {
        "hash": {
            "sha256": "6c42ac906a4026c1393040b023ca1d05377a2fc3f0dedca865758fee905a5aef"
        },
        "pipfile-spec": 6,
        "requires": {
            "python_version": "3.10"
        },
        "sources": [
            {
                "name": "pypi",
                "url": "https://pypi.org/simple",
                "verify_ssl": true
            }
        ]
    },
    "default": {
        "exceptiongroup": {
            "hashes": [
                "sha256:4bfd3996ac73b41e9b9628b04e079f193850720ea5945fc96a08633c66912f14",
                "sha256:91f5c769735f051a4290d52edd0858999b57e5876e9f85937691bd4c9fa3ed68"
            ],
            "markers": "python_version < '3.11'",
            "version": "==1.2.0"
        },
        "iniconfig": {
            "hashes": [
                "sha256:2d91e135bf72d31a410b17c16da610a82cb55f6b0477d1a902134b24a455b8b3",
                "sha256:b6a85871a79d2e3b22d2d1b94ac2824226a63c6b741c88f7ae975f18b6778374"
            ],
            "markers": "python_version >= '3.7'",
            "version": "==2.0.0"
        },
        "maturin": {
            "hashes": [
                "sha256:01473dc30aed8f2cee3572b3e99e3ea75bf09c84b028bf6077f7643a189699c8",
                "sha256:076970a73da7fa3648204a584cd347b899c1ea67f8124b212bccd06728e63ed9",
                "sha256:16239a7648ef17976585353e381840c18e650d352576ed9545abca407d65e534",
                "sha256:2979175a7eee837dc3a6931980b37ddc86b9ced54d600856668fc074ca2530ef",
                "sha256:77428c043d585f038f4b056c4d617e00a8027b49598ab6d065b8f6b9b9b8d144",
                "sha256:b4b2f006db1e92687c814576029157dcc2d97b5750fd35fd4f3aabb97e36444f",
                "sha256:b84bee85620e1b7b662a7af71289f7f6c23df8269e42c0f76882676dfc9c733f",
                "sha256:e2c1b157397ef3721b9c2f3f24d9a5a60bd84322aac13b4dd0704a80448741b0",
                "sha256:e669ba5984c15e29b8545b295ba6738974180b44f47f5d9e75569a5ce6b8add5",
                "sha256:ed12e1768094a7adeafc3a74ebdb8dc2201fa64c4e7e31f14cfc70378bf93790",
                "sha256:f8eded83abdb30b2b6ae6d32c80b8192bdd8bcfec0ebfacee6ac02434aa499d6",
                "sha256:ff95a4494d9e57b6e74d4d7f8a9a2ee8ed29bd7f0e61855656ad959a432c0efc",
                "sha256:ffe4e967080ceb83c156e73a37d3974b30cad01c376a86dc39a76a0c6bccf9b0"
            ],
            "index": "pypi",
            "markers": "python_version >= '3.7'",
            "version": "==1.4.0"
        },
        "packaging": {
            "hashes": [
                "sha256:048fb0e9405036518eaaf48a55953c750c11e1a1b68e0dd1a9d62ed0c092cfc5",
                "sha256:8c491190033a9af7e1d931d0b5dacc2ef47509b34dd0de67ed209b5203fc88c7"
            ],
            "markers": "python_version >= '3.7'",
            "version": "==23.2"
        },
        "pluggy": {
            "hashes": [
                "sha256:7db9f7b503d67d1c5b95f59773ebb58a8c1c288129a88665838012cfb07b8981",
                "sha256:8c85c2876142a764e5b7548e7d9a0e0ddb46f5185161049a79b7e974454223be"
            ],
            "markers": "python_version >= '3.8'",
            "version": "==1.4.0"
        },
        "pytest": {
            "hashes": [
                "sha256:249b1b0864530ba251b7438274c4d251c58d868edaaec8762893ad4a0d71c36c",
                "sha256:50fb9cbe836c3f20f0dfa99c565201fb75dc54c8d76373cd1bde06b06657bdb6"
            ],
            "index": "pypi",
            "markers": "python_version >= '3.8'",
            "version": "==8.0.0"
        },
        "tomli": {
            "hashes": [
                "sha256:939de3e7a6161af0c887ef91b7d41a53e7c5a1ca976325f429cb46ea9bc30ecc",
                "sha256:de526c12914f0c550d15924c62d72abc48d6fe7364aa87328337a31007fe8a4f"
            ],
            "markers": "python_version < '3.11'",
            "version": "==2.0.1"
        }
    },
    "develop": {}
}
